// !$*UTF8*$!
{
	archiveVersion = 1;
	classes = {
	};
	objectVersion = 52;
	objects = {

/* Begin PBXBuildFile section */
		6530F8B6240959E600B75837 /* LTL.swift in Sources */ = {isa = PBXBuildFile; fileRef = 6530F8B5240959E600B75837 /* LTL.swift */; };
		6530F8BE24095A9F00B75837 /* LTL+spot.swift in Sources */ = {isa = PBXBuildFile; fileRef = 6530F8B724095A9E00B75837 /* LTL+spot.swift */; };
		6530F8BF24095A9F00B75837 /* LTL+CustomStringConvertible.swift in Sources */ = {isa = PBXBuildFile; fileRef = 6530F8B824095A9F00B75837 /* LTL+CustomStringConvertible.swift */; };
		6530F8C024095A9F00B75837 /* LTL+Codable.swift in Sources */ = {isa = PBXBuildFile; fileRef = 6530F8B924095A9F00B75837 /* LTL+Codable.swift */; };
		6530F8C124095A9F00B75837 /* LTL+Operators.swift in Sources */ = {isa = PBXBuildFile; fileRef = 6530F8BA24095A9F00B75837 /* LTL+Operators.swift */; };
		6530F8C224095A9F00B75837 /* LTL+ltl3ba.swift in Sources */ = {isa = PBXBuildFile; fileRef = 6530F8BB24095A9F00B75837 /* LTL+ltl3ba.swift */; };
		6530F8C324095A9F00B75837 /* LTL+Hashable.swift in Sources */ = {isa = PBXBuildFile; fileRef = 6530F8BC24095A9F00B75837 /* LTL+Hashable.swift */; };
		6530F8C424095A9F00B75837 /* LTL+SMV.swift in Sources */ = {isa = PBXBuildFile; fileRef = 6530F8BD24095A9F00B75837 /* LTL+SMV.swift */; };
		6578E5DC23FD72FF00A46D35 /* main.swift in Sources */ = {isa = PBXBuildFile; fileRef = 6578E5DB23FD72FF00A46D35 /* main.swift */; };
		6578E5E323FD741E00A46D35 /* Specification.swift in Sources */ = {isa = PBXBuildFile; fileRef = 6578E5E223FD741E00A46D35 /* Specification.swift */; };
		65A556BD24053DE800EAA07F /* utils.swift in Sources */ = {isa = PBXBuildFile; fileRef = 65A556BC24053DE800EAA07F /* utils.swift */; };
		65A556C02405410100EAA07F /* simple_arbiter.bosy in CopyFiles */ = {isa = PBXBuildFile; fileRef = 65A556B924053C0200EAA07F /* simple_arbiter.bosy */; };
		65A556C2240545BD00EAA07F /* load_balancer_3.json in CopyFiles */ = {isa = PBXBuildFile; fileRef = 65A556C12405456E00EAA07F /* load_balancer_3.json */; };
		65A556C4240559DF00EAA07F /* knowledge_01.kbosy in CopyFiles */ = {isa = PBXBuildFile; fileRef = 65A556C3240559D800EAA07F /* knowledge_01.kbosy */; };
		65A556C7240565A500EAA07F /* SPMUtility in Frameworks */ = {isa = PBXBuildFile; productRef = 65A556C6240565A500EAA07F /* SPMUtility */; };
		65A556CA240573CC00EAA07F /* bosy_call.sh in CopyFiles */ = {isa = PBXBuildFile; fileRef = 65A556C82405736100EAA07F /* bosy_call.sh */; };
/* End PBXBuildFile section */

/* Begin PBXCopyFilesBuildPhase section */
		6578E5D623FD72FF00A46D35 /* CopyFiles */ = {
			isa = PBXCopyFilesBuildPhase;
			buildActionMask = 12;
			dstPath = Samples;
			dstSubfolderSpec = 16;
			files = (
				65A556CA240573CC00EAA07F /* bosy_call.sh in CopyFiles */,
				65A556C4240559DF00EAA07F /* knowledge_01.kbosy in CopyFiles */,
				65A556C2240545BD00EAA07F /* load_balancer_3.json in CopyFiles */,
				65A556C02405410100EAA07F /* simple_arbiter.bosy in CopyFiles */,
			);
			runOnlyForDeploymentPostprocessing = 0;
		};
/* End PBXCopyFilesBuildPhase section */

/* Begin PBXFileReference section */
		6530F8B5240959E600B75837 /* LTL.swift */ = {isa = PBXFileReference; lastKnownFileType = sourcecode.swift; path = LTL.swift; sourceTree = "<group>"; };
		6530F8B724095A9E00B75837 /* LTL+spot.swift */ = {isa = PBXFileReference; fileEncoding = 4; lastKnownFileType = sourcecode.swift; path = "LTL+spot.swift"; sourceTree = "<group>"; };
		6530F8B824095A9F00B75837 /* LTL+CustomStringConvertible.swift */ = {isa = PBXFileReference; fileEncoding = 4; lastKnownFileType = sourcecode.swift; path = "LTL+CustomStringConvertible.swift"; sourceTree = "<group>"; };
		6530F8B924095A9F00B75837 /* LTL+Codable.swift */ = {isa = PBXFileReference; fileEncoding = 4; lastKnownFileType = sourcecode.swift; path = "LTL+Codable.swift"; sourceTree = "<group>"; };
		6530F8BA24095A9F00B75837 /* LTL+Operators.swift */ = {isa = PBXFileReference; fileEncoding = 4; lastKnownFileType = sourcecode.swift; path = "LTL+Operators.swift"; sourceTree = "<group>"; };
		6530F8BB24095A9F00B75837 /* LTL+ltl3ba.swift */ = {isa = PBXFileReference; fileEncoding = 4; lastKnownFileType = sourcecode.swift; path = "LTL+ltl3ba.swift"; sourceTree = "<group>"; };
		6530F8BC24095A9F00B75837 /* LTL+Hashable.swift */ = {isa = PBXFileReference; fileEncoding = 4; lastKnownFileType = sourcecode.swift; path = "LTL+Hashable.swift"; sourceTree = "<group>"; };
		6530F8BD24095A9F00B75837 /* LTL+SMV.swift */ = {isa = PBXFileReference; fileEncoding = 4; lastKnownFileType = sourcecode.swift; path = "LTL+SMV.swift"; sourceTree = "<group>"; };
		6578E5D823FD72FF00A46D35 /* knowledge-bosy */ = {isa = PBXFileReference; explicitFileType = "compiled.mach-o.executable"; includeInIndex = 0; path = "knowledge-bosy"; sourceTree = BUILT_PRODUCTS_DIR; };
		6578E5DB23FD72FF00A46D35 /* main.swift */ = {isa = PBXFileReference; lastKnownFileType = sourcecode.swift; path = main.swift; sourceTree = "<group>"; };
		6578E5E223FD741E00A46D35 /* Specification.swift */ = {isa = PBXFileReference; lastKnownFileType = sourcecode.swift; path = Specification.swift; sourceTree = "<group>"; };
		65A556B924053C0200EAA07F /* simple_arbiter.bosy */ = {isa = PBXFileReference; fileEncoding = 4; lastKnownFileType = text; path = simple_arbiter.bosy; sourceTree = "<group>"; };
		65A556BC24053DE800EAA07F /* utils.swift */ = {isa = PBXFileReference; lastKnownFileType = sourcecode.swift; path = utils.swift; sourceTree = "<group>"; };
		65A556C12405456E00EAA07F /* load_balancer_3.json */ = {isa = PBXFileReference; fileEncoding = 4; lastKnownFileType = text.json; path = load_balancer_3.json; sourceTree = "<group>"; };
		65A556C3240559D800EAA07F /* knowledge_01.kbosy */ = {isa = PBXFileReference; fileEncoding = 4; lastKnownFileType = text; path = knowledge_01.kbosy; sourceTree = "<group>"; };
		65A556C82405736100EAA07F /* bosy_call.sh */ = {isa = PBXFileReference; lastKnownFileType = text.script.sh; path = bosy_call.sh; sourceTree = "<group>"; };
/* End PBXFileReference section */

/* Begin PBXFrameworksBuildPhase section */
		6578E5D523FD72FF00A46D35 /* Frameworks */ = {
			isa = PBXFrameworksBuildPhase;
			buildActionMask = 2147483647;
			files = (
				65A556C7240565A500EAA07F /* SPMUtility in Frameworks */,
			);
			runOnlyForDeploymentPostprocessing = 0;
		};
/* End PBXFrameworksBuildPhase section */

/* Begin PBXGroup section */
		6530F8B4240959D100B75837 /* LTL */ = {
			isa = PBXGroup;
			children = (
				6530F8B5240959E600B75837 /* LTL.swift */,
				6530F8B924095A9F00B75837 /* LTL+Codable.swift */,
				6530F8B824095A9F00B75837 /* LTL+CustomStringConvertible.swift */,
				6530F8BC24095A9F00B75837 /* LTL+Hashable.swift */,
				6530F8BB24095A9F00B75837 /* LTL+ltl3ba.swift */,
				6530F8BA24095A9F00B75837 /* LTL+Operators.swift */,
				6530F8BD24095A9F00B75837 /* LTL+SMV.swift */,
				6530F8B724095A9E00B75837 /* LTL+spot.swift */,
			);
			path = LTL;
			sourceTree = "<group>";
		};
		6578E5CF23FD72FF00A46D35 = {
			isa = PBXGroup;
			children = (
				65A556BA24053CD700EAA07F /* Samples */,
				6578E5DA23FD72FF00A46D35 /* knowledge-bosy */,
				6578E5D923FD72FF00A46D35 /* Products */,
			);
			sourceTree = "<group>";
		};
		6578E5D923FD72FF00A46D35 /* Products */ = {
			isa = PBXGroup;
			children = (
				6578E5D823FD72FF00A46D35 /* knowledge-bosy */,
			);
			name = Products;
			sourceTree = "<group>";
		};
		6578E5DA23FD72FF00A46D35 /* knowledge-bosy */ = {
			isa = PBXGroup;
			children = (
				6530F8B4240959D100B75837 /* LTL */,
				65A556BB24053DD300EAA07F /* Utils */,
				6578E5DB23FD72FF00A46D35 /* main.swift */,
				6578E5E223FD741E00A46D35 /* Specification.swift */,
			);
			path = "knowledge-bosy";
			sourceTree = "<group>";
		};
		65A556BA24053CD700EAA07F /* Samples */ = {
			isa = PBXGroup;
			children = (
				65A556C82405736100EAA07F /* bosy_call.sh */,
				65A556C12405456E00EAA07F /* load_balancer_3.json */,
				65A556B924053C0200EAA07F /* simple_arbiter.bosy */,
				65A556C3240559D800EAA07F /* knowledge_01.kbosy */,
			);
			path = Samples;
			sourceTree = "<group>";
		};
		65A556BB24053DD300EAA07F /* Utils */ = {
			isa = PBXGroup;
			children = (
				65A556BC24053DE800EAA07F /* utils.swift */,
			);
			path = Utils;
			sourceTree = "<group>";
		};
/* End PBXGroup section */

/* Begin PBXNativeTarget section */
		6578E5D723FD72FF00A46D35 /* knowledge-bosy */ = {
			isa = PBXNativeTarget;
			buildConfigurationList = 6578E5DF23FD72FF00A46D35 /* Build configuration list for PBXNativeTarget "knowledge-bosy" */;
			buildPhases = (
				6578E5D423FD72FF00A46D35 /* Sources */,
				6578E5D523FD72FF00A46D35 /* Frameworks */,
				6578E5D623FD72FF00A46D35 /* CopyFiles */,
			);
			buildRules = (
			);
			dependencies = (
			);
			name = "knowledge-bosy";
			packageProductDependencies = (
				65A556C6240565A500EAA07F /* SPMUtility */,
			);
			productName = "knowledge-bosy";
			productReference = 6578E5D823FD72FF00A46D35 /* knowledge-bosy */;
			productType = "com.apple.product-type.tool";
		};
/* End PBXNativeTarget section */

/* Begin PBXProject section */
		6578E5D023FD72FF00A46D35 /* Project object */ = {
			isa = PBXProject;
			attributes = {
				LastSwiftUpdateCheck = 1130;
				LastUpgradeCheck = 1130;
				ORGANIZATIONNAME = "Daniel Schäfer";
				TargetAttributes = {
					6578E5D723FD72FF00A46D35 = {
						CreatedOnToolsVersion = 11.3.1;
					};
				};
			};
			buildConfigurationList = 6578E5D323FD72FF00A46D35 /* Build configuration list for PBXProject "knowledge-bosy" */;
			compatibilityVersion = "Xcode 9.3";
			developmentRegion = en;
			hasScannedForEncodings = 0;
			knownRegions = (
				en,
				Base,
			);
			mainGroup = 6578E5CF23FD72FF00A46D35;
			packageReferences = (
				65A556C5240565A500EAA07F /* XCRemoteSwiftPackageReference "swift-package-manager" */,
			);
			productRefGroup = 6578E5D923FD72FF00A46D35 /* Products */;
			projectDirPath = "";
			projectRoot = "";
			targets = (
				6578E5D723FD72FF00A46D35 /* knowledge-bosy */,
			);
		};
/* End PBXProject section */

/* Begin PBXSourcesBuildPhase section */
		6578E5D423FD72FF00A46D35 /* Sources */ = {
			isa = PBXSourcesBuildPhase;
			buildActionMask = 2147483647;
			files = (
				6530F8C424095A9F00B75837 /* LTL+SMV.swift in Sources */,
				6530F8C324095A9F00B75837 /* LTL+Hashable.swift in Sources */,
				6530F8C024095A9F00B75837 /* LTL+Codable.swift in Sources */,
				6530F8B6240959E600B75837 /* LTL.swift in Sources */,
				65A556BD24053DE800EAA07F /* utils.swift in Sources */,
				6578E5DC23FD72FF00A46D35 /* main.swift in Sources */,
				6530F8C124095A9F00B75837 /* LTL+Operators.swift in Sources */,
				6530F8BE24095A9F00B75837 /* LTL+spot.swift in Sources */,
				6530F8BF24095A9F00B75837 /* LTL+CustomStringConvertible.swift in Sources */,
				6578E5E323FD741E00A46D35 /* Specification.swift in Sources */,
				6530F8C224095A9F00B75837 /* LTL+ltl3ba.swift in Sources */,
			);
			runOnlyForDeploymentPostprocessing = 0;
		};
/* End PBXSourcesBuildPhase section */

/* Begin XCBuildConfiguration section */
		6578E5DD23FD72FF00A46D35 /* Debug */ = {
			isa = XCBuildConfiguration;
			buildSettings = {
				ALWAYS_SEARCH_USER_PATHS = NO;
				CLANG_ANALYZER_NONNULL = YES;
				CLANG_ANALYZER_NUMBER_OBJECT_CONVERSION = YES_AGGRESSIVE;
				CLANG_CXX_LANGUAGE_STANDARD = "gnu++14";
				CLANG_CXX_LIBRARY = "libc++";
				CLANG_ENABLE_MODULES = YES;
				CLANG_ENABLE_OBJC_ARC = YES;
				CLANG_ENABLE_OBJC_WEAK = YES;
				CLANG_WARN_BLOCK_CAPTURE_AUTORELEASING = YES;
				CLANG_WARN_BOOL_CONVERSION = YES;
				CLANG_WARN_COMMA = YES;
				CLANG_WARN_CONSTANT_CONVERSION = YES;
				CLANG_WARN_DEPRECATED_OBJC_IMPLEMENTATIONS = YES;
				CLANG_WARN_DIRECT_OBJC_ISA_USAGE = YES_ERROR;
				CLANG_WARN_DOCUMENTATION_COMMENTS = YES;
				CLANG_WARN_EMPTY_BODY = YES;
				CLANG_WARN_ENUM_CONVERSION = YES;
				CLANG_WARN_INFINITE_RECURSION = YES;
				CLANG_WARN_INT_CONVERSION = YES;
				CLANG_WARN_NON_LITERAL_NULL_CONVERSION = YES;
				CLANG_WARN_OBJC_IMPLICIT_RETAIN_SELF = YES;
				CLANG_WARN_OBJC_LITERAL_CONVERSION = YES;
				CLANG_WARN_OBJC_ROOT_CLASS = YES_ERROR;
				CLANG_WARN_RANGE_LOOP_ANALYSIS = YES;
				CLANG_WARN_STRICT_PROTOTYPES = YES;
				CLANG_WARN_SUSPICIOUS_MOVE = YES;
				CLANG_WARN_UNGUARDED_AVAILABILITY = YES_AGGRESSIVE;
				CLANG_WARN_UNREACHABLE_CODE = YES;
				CLANG_WARN__DUPLICATE_METHOD_MATCH = YES;
				COPY_PHASE_STRIP = NO;
				DEBUG_INFORMATION_FORMAT = dwarf;
				ENABLE_STRICT_OBJC_MSGSEND = YES;
				ENABLE_TESTABILITY = YES;
				GCC_C_LANGUAGE_STANDARD = gnu11;
				GCC_DYNAMIC_NO_PIC = NO;
				GCC_NO_COMMON_BLOCKS = YES;
				GCC_OPTIMIZATION_LEVEL = 0;
				GCC_PREPROCESSOR_DEFINITIONS = (
					"DEBUG=1",
					"$(inherited)",
				);
				GCC_WARN_64_TO_32_BIT_CONVERSION = YES;
				GCC_WARN_ABOUT_RETURN_TYPE = YES_ERROR;
				GCC_WARN_UNDECLARED_SELECTOR = YES;
				GCC_WARN_UNINITIALIZED_AUTOS = YES_AGGRESSIVE;
				GCC_WARN_UNUSED_FUNCTION = YES;
				GCC_WARN_UNUSED_VARIABLE = YES;
				MACOSX_DEPLOYMENT_TARGET = 10.14;
				MTL_ENABLE_DEBUG_INFO = INCLUDE_SOURCE;
				MTL_FAST_MATH = YES;
				ONLY_ACTIVE_ARCH = YES;
				SDKROOT = macosx;
				SWIFT_ACTIVE_COMPILATION_CONDITIONS = DEBUG;
				SWIFT_OPTIMIZATION_LEVEL = "-Onone";
			};
			name = Debug;
		};
		6578E5DE23FD72FF00A46D35 /* Release */ = {
			isa = XCBuildConfiguration;
			buildSettings = {
				ALWAYS_SEARCH_USER_PATHS = NO;
				CLANG_ANALYZER_NONNULL = YES;
				CLANG_ANALYZER_NUMBER_OBJECT_CONVERSION = YES_AGGRESSIVE;
				CLANG_CXX_LANGUAGE_STANDARD = "gnu++14";
				CLANG_CXX_LIBRARY = "libc++";
				CLANG_ENABLE_MODULES = YES;
				CLANG_ENABLE_OBJC_ARC = YES;
				CLANG_ENABLE_OBJC_WEAK = YES;
				CLANG_WARN_BLOCK_CAPTURE_AUTORELEASING = YES;
				CLANG_WARN_BOOL_CONVERSION = YES;
				CLANG_WARN_COMMA = YES;
				CLANG_WARN_CONSTANT_CONVERSION = YES;
				CLANG_WARN_DEPRECATED_OBJC_IMPLEMENTATIONS = YES;
				CLANG_WARN_DIRECT_OBJC_ISA_USAGE = YES_ERROR;
				CLANG_WARN_DOCUMENTATION_COMMENTS = YES;
				CLANG_WARN_EMPTY_BODY = YES;
				CLANG_WARN_ENUM_CONVERSION = YES;
				CLANG_WARN_INFINITE_RECURSION = YES;
				CLANG_WARN_INT_CONVERSION = YES;
				CLANG_WARN_NON_LITERAL_NULL_CONVERSION = YES;
				CLANG_WARN_OBJC_IMPLICIT_RETAIN_SELF = YES;
				CLANG_WARN_OBJC_LITERAL_CONVERSION = YES;
				CLANG_WARN_OBJC_ROOT_CLASS = YES_ERROR;
				CLANG_WARN_RANGE_LOOP_ANALYSIS = YES;
				CLANG_WARN_STRICT_PROTOTYPES = YES;
				CLANG_WARN_SUSPICIOUS_MOVE = YES;
				CLANG_WARN_UNGUARDED_AVAILABILITY = YES_AGGRESSIVE;
				CLANG_WARN_UNREACHABLE_CODE = YES;
				CLANG_WARN__DUPLICATE_METHOD_MATCH = YES;
				COPY_PHASE_STRIP = NO;
				DEBUG_INFORMATION_FORMAT = "dwarf-with-dsym";
				ENABLE_NS_ASSERTIONS = NO;
				ENABLE_STRICT_OBJC_MSGSEND = YES;
				GCC_C_LANGUAGE_STANDARD = gnu11;
				GCC_NO_COMMON_BLOCKS = YES;
				GCC_WARN_64_TO_32_BIT_CONVERSION = YES;
				GCC_WARN_ABOUT_RETURN_TYPE = YES_ERROR;
				GCC_WARN_UNDECLARED_SELECTOR = YES;
				GCC_WARN_UNINITIALIZED_AUTOS = YES_AGGRESSIVE;
				GCC_WARN_UNUSED_FUNCTION = YES;
				GCC_WARN_UNUSED_VARIABLE = YES;
				MACOSX_DEPLOYMENT_TARGET = 10.14;
				MTL_ENABLE_DEBUG_INFO = NO;
				MTL_FAST_MATH = YES;
				SDKROOT = macosx;
				SWIFT_COMPILATION_MODE = wholemodule;
				SWIFT_OPTIMIZATION_LEVEL = "-O";
			};
			name = Release;
		};
		6578E5E023FD72FF00A46D35 /* Debug */ = {
			isa = XCBuildConfiguration;
			buildSettings = {
				CODE_SIGN_STYLE = Automatic;
				PRODUCT_NAME = "$(TARGET_NAME)";
				SWIFT_VERSION = 5.0;
			};
			name = Debug;
		};
		6578E5E123FD72FF00A46D35 /* Release */ = {
			isa = XCBuildConfiguration;
			buildSettings = {
				CODE_SIGN_STYLE = Automatic;
				PRODUCT_NAME = "$(TARGET_NAME)";
				SWIFT_VERSION = 5.0;
			};
			name = Release;
		};
/* End XCBuildConfiguration section */

/* Begin XCConfigurationList section */
		6578E5D323FD72FF00A46D35 /* Build configuration list for PBXProject "knowledge-bosy" */ = {
			isa = XCConfigurationList;
			buildConfigurations = (
				6578E5DD23FD72FF00A46D35 /* Debug */,
				6578E5DE23FD72FF00A46D35 /* Release */,
			);
			defaultConfigurationIsVisible = 0;
			defaultConfigurationName = Release;
		};
		6578E5DF23FD72FF00A46D35 /* Build configuration list for PBXNativeTarget "knowledge-bosy" */ = {
			isa = XCConfigurationList;
			buildConfigurations = (
				6578E5E023FD72FF00A46D35 /* Debug */,
				6578E5E123FD72FF00A46D35 /* Release */,
			);
			defaultConfigurationIsVisible = 0;
			defaultConfigurationName = Release;
		};
/* End XCConfigurationList section */

/* Begin XCRemoteSwiftPackageReference section */
		65A556C5240565A500EAA07F /* XCRemoteSwiftPackageReference "swift-package-manager" */ = {
			isa = XCRemoteSwiftPackageReference;
			repositoryURL = "https://github.com/apple/swift-package-manager.git";
			requirement = {
				kind = upToNextMajorVersion;
				minimumVersion = 0.5.0;
			};
		};
/* End XCRemoteSwiftPackageReference section */

/* Begin XCSwiftPackageProductDependency section */
		65A556C6240565A500EAA07F /* SPMUtility */ = {
			isa = XCSwiftPackageProductDependency;
			package = 65A556C5240565A500EAA07F /* XCRemoteSwiftPackageReference "swift-package-manager" */;
			productName = SPMUtility;
		};
/* End XCSwiftPackageProductDependency section */
	};
	rootObject = 6578E5D023FD72FF00A46D35 /* Project object */;
}
